
Microsoft Visual Studio Solution File, Format Version 12.00
# Visual Studio Version 16
VisualStudioVersion = 16.0.29905.134
MinimumVisualStudioVersion = 10.0.40219.1
Project("{8BC9CEB8-8B4A-11D0-8D11-00A0C91BC942}") = "OutputController", "OutputController\OutputController.vcxproj", "{0FD9C585-E2AA-42F7-BFB1-EE6823AB806E}"
EndProject
Global
	GlobalSection(SolutionConfigurationPlatforms) = preSolution
		Debug|x64 = Debug|x64
		Release|x64 = Release|x64
	EndGlobalSection
	GlobalSection(ProjectConfigurationPlatforms) = postSolution
		{0FD9C585-E2AA-42F7-BFB1-EE6823AB806E}.Debug|x64.ActiveCfg = Debug|x64
		{0FD9C585-E2AA-42F7-BFB1-EE6823AB806E}.Debug|x64.Build.0 = Debug|x64
		{0FD9C585-E2AA-42F7-BFB1-EE6823AB806E}.Release|x64.ActiveCfg = Release|x64
		{0FD9C585-E2AA-42F7-BFB1-EE6823AB806E}.Release|x64.Build.0 = Release|x64
	EndGlobalSection
	GlobalSection(SolutionProperties) = preSolution
		HideSolutionNode = FALSE
	EndGlobalSection
	GlobalSection(ExtensibilityGlobals) = postSolution
		SolutionGuid = {5D6B0C9E-386C-488F-9E11-55CB3E07C875}
	EndGlobalSection
EndGlobal
